{
  "name": "open-abap-rap",
  "version": "1.0.0",
  "lockfileVersion": 3,
  "requires": true,
  "packages": {
    "": {
      "name": "open-abap-rap",
      "version": "1.0.0",
      "dependencies": {
        "@abaplint/cli": "^2.113.143"
      }
    },
    "node_modules/@abaplint/cli": {
      "version": "2.113.143",
      "resolved": "https://registry.npmjs.org/@abaplint/cli/-/cli-2.113.143.tgz",
      "integrity": "sha512-mEQtN1Mv/RBxxbY3bcoafH2Z1SEB6CCHJEvBH4f/j0OsenCd6DtoCyeINfWBfXWlYPM/tlqdgTCpAbFaOQRrPA==",
      "license": "MIT",
      "bin": {
        "abaplint": "abaplint"
      },
      "engines": {
        "node": ">=12.0.0"
      },
      "funding": {
        "url": "https://github.com/sponsors/larshp"
      }
    }
  }
}
